
Microsoft Visual Studio Solution File, Format Version 12.00
# Visual Studio Version 17
VisualStudioVersion = 17.5.33414.496
MinimumVisualStudioVersion = 10.0.40219.1
Project("{FAE04EC0-301F-11D3-BF4B-00C04F79EFBC}") = "practicewithPRSSystemV2", "practicewithPRSSystemV2\practicewithPRSSystemV2.csproj", "{15745A54-F1E4-4CB6-A0B5-6BD17618DB4D}"
EndProject
Global
	GlobalSection(SolutionConfigurationPlatforms) = preSolution
		Debug|Any CPU = Debug|Any CPU
		Release|Any CPU = Release|Any CPU
	EndGlobalSection
	GlobalSection(ProjectConfigurationPlatforms) = postSolution
		{15745A54-F1E4-4CB6-A0B5-6BD17618DB4D}.Debug|Any CPU.ActiveCfg = Debug|Any CPU
		{15745A54-F1E4-4CB6-A0B5-6BD17618DB4D}.Debug|Any CPU.Build.0 = Debug|Any CPU
		{15745A54-F1E4-4CB6-A0B5-6BD17618DB4D}.Release|Any CPU.ActiveCfg = Release|Any CPU
		{15745A54-F1E4-4CB6-A0B5-6BD17618DB4D}.Release|Any CPU.Build.0 = Release|Any CPU
	EndGlobalSection
	GlobalSection(SolutionProperties) = preSolution
		HideSolutionNode = FALSE
	EndGlobalSection
	GlobalSection(ExtensibilityGlobals) = postSolution
		SolutionGuid = {E84B0B83-3613-4E98-9F39-729C931DB60B}
	EndGlobalSection
EndGlobal
